
Microsoft Visual Studio Solution File, Format Version 12.00
# Visual Studio 2013
VisualStudioVersion = 12.0.40629.0
MinimumVisualStudioVersion = 10.0.40219.1
Project("{FAE04EC0-301F-11D3-BF4B-00C04F79EFBC}") = "DbExplorer", "DbExplorer\DbExplorer.csproj", "{0BA780D4-EF1D-4A9E-9DD1-18F3F122ADA0}"
EndProject
Project("{E24C65DC-7377-472B-9ABA-BC803B73C61A}") = "Website(23)", "http://localhost:23395", "{49FC9EB9-BE18-4CF0-82F4-19474272AB46}"
	ProjectSection(WebsiteProperties) = preProject
		UseIISExpress = "true"
		TargetFrameworkMoniker = ".NETFramework,Version%3Dv4.5"
		ProjectReferences = "{0ba780d4-ef1d-4a9e-9dd1-18f3f122ada0}|DbExplorer.dll;"
		Debug.AspNetCompiler.VirtualPath = "/localhost_23395"
		Debug.AspNetCompiler.PhysicalPath = "Website\"
		Debug.AspNetCompiler.TargetPath = "PrecompiledWeb\localhost_23395\"
		Debug.AspNetCompiler.Updateable = "true"
		Debug.AspNetCompiler.ForceOverwrite = "true"
		Debug.AspNetCompiler.FixedNames = "false"
		Debug.AspNetCompiler.Debug = "True"
		Release.AspNetCompiler.VirtualPath = "/localhost_23395"
		Release.AspNetCompiler.PhysicalPath = "Website\"
		Release.AspNetCompiler.TargetPath = "PrecompiledWeb\localhost_23395\"
		Release.AspNetCompiler.Updateable = "true"
		Release.AspNetCompiler.ForceOverwrite = "true"
		Release.AspNetCompiler.FixedNames = "false"
		Release.AspNetCompiler.Debug = "False"
		SlnRelativePath = "Website\"
		DefaultWebSiteLanguage = "Visual C#"
	EndProjectSection
EndProject
Global
	GlobalSection(SolutionConfigurationPlatforms) = preSolution
		Debug|Any CPU = Debug|Any CPU
		Release|Any CPU = Release|Any CPU
	EndGlobalSection
	GlobalSection(ProjectConfigurationPlatforms) = postSolution
		{0BA780D4-EF1D-4A9E-9DD1-18F3F122ADA0}.Debug|Any CPU.ActiveCfg = Debug|Any CPU
		{0BA780D4-EF1D-4A9E-9DD1-18F3F122ADA0}.Debug|Any CPU.Build.0 = Debug|Any CPU
		{0BA780D4-EF1D-4A9E-9DD1-18F3F122ADA0}.Release|Any CPU.ActiveCfg = Release|Any CPU
		{0BA780D4-EF1D-4A9E-9DD1-18F3F122ADA0}.Release|Any CPU.Build.0 = Release|Any CPU
		{49FC9EB9-BE18-4CF0-82F4-19474272AB46}.Debug|Any CPU.ActiveCfg = Debug|Any CPU
		{49FC9EB9-BE18-4CF0-82F4-19474272AB46}.Debug|Any CPU.Build.0 = Debug|Any CPU
		{49FC9EB9-BE18-4CF0-82F4-19474272AB46}.Release|Any CPU.ActiveCfg = Debug|Any CPU
		{49FC9EB9-BE18-4CF0-82F4-19474272AB46}.Release|Any CPU.Build.0 = Debug|Any CPU
	EndGlobalSection
	GlobalSection(SolutionProperties) = preSolution
		HideSolutionNode = FALSE
	EndGlobalSection
EndGlobal
